hash: 773062a0fb371a458d0d33dec0b420bfa92b576286ef6c3211ffe8bda7da521d
updated: 2016-02-18T09:03:03.139389781Z
imports:
- name: github.com/cpuguy83/go-md2man
  version: 2724a9c9051aa62e9cca11304e7dd518e9e41599
  subpackages:
  - md2man
- name: github.com/cyberdelia/go-metrics-graphite
  version: 7e54b5c2aa6eaff4286c44129c3def899dff528c
- name: github.com/google/go-querystring
  version: 2a60fc2ba6c19de80291203597d752e9ba58e4c0
  subpackages:
  - query
- name: github.com/gorilla/context
  version: 1c83b3eabd45b6d76072b66b746c20815fb2872d
- name: github.com/gorilla/schema
  version: 14c555599c2a4f493c1e13fd1ea6fdf721739028
- name: github.com/gorilla/websocket
  version: b824a5d8536651ad2d690c17e270d58855dbfd02
- name: github.com/inconshreveable/go-update
  version: 8152e7eb6ccf8679a64582a66b78519688d156ad
  subpackages:
  - internal/binarydist
  - internal/osext
- name: github.com/influxdata/influxdb
  version: 8e100998fab81a70f8b8fa8fbb41e1ed8cafa6f5
  subpackages:
  - client
  - models
  - pkg/escape
- name: github.com/Jeffail/gabs
  version: 1ad8a462121027c511ab337b98028029352ca356
- name: github.com/jteeuwen/go-bindata
  version: a0ff2567cfb70903282db057e799fd826784d41d
  subpackages:
  - .
  - go-bindata
- name: github.com/julienschmidt/httprouter
  version: 2c34ec888a7359c0750064e0a4c8df360806c255
- name: github.com/justinas/alice
  version: 78131a09b9e7bcccbb8a99d8e2f2168bb576e67a
- name: github.com/mihasya/go-metrics-librato
  version: 742811266180500ea5934ea6ed3313f90d806a20
- name: github.com/ostrost/go-metrics-influxdb
  version: ca7d1785fc3e2616afbae45524a7dc63c4adf3cc
- name: github.com/ostrost/gosigar
  version: 2fa6f5483b949b13f56ee3d193d985653b749b74
- name: github.com/rcrowley/go-metrics
  version: 51425a2415d21afadfd55cd93432c0bc69e9598d
- name: github.com/rcrowley/goagain
  version: f2f192b5d1a96e21dd4026ce67cda85e49659a48
- name: github.com/russross/blackfriday
  version: 006144af03eeeff1037240a71865a9fd61f1c25f
- name: github.com/shirou/gopsutil
  version: 956f92742f460d9081fd36ba719f595809ab15b2
  subpackages:
  - host
  - net
  - internal/common
- name: github.com/shurcooL/sanitized_anchor_name
  version: 10ef21a441db47d8b13ebcc5fd2310f636973c77
- name: github.com/Sirupsen/logrus
  version: 3455d89ac9652295c85db2a98ea32f1d61c380bc
- name: github.com/spf13/cobra
  version: 65a708cee0a4424f4e353d031ce440643e312f92
  subpackages:
  - .
  - doc
- name: github.com/spf13/pflag
  version: 7f60f83a2c81bc3c3c0d5297f61ddfa68da9d3b7
devImports: []
