hash: dd19a89436b99f56f1c87258d559c97214cc5aab80b0a85d4f97f93cc7acbe5b
updated: 2016-11-09T09:08:42.400308077Z
imports:
- name: github.com/blang/semver
  version: 60ec3488bfea7cca02b021d106d9911120d25fe9
- name: github.com/cloudfoundry/gosigar
  version: c32d31af94b0e9d3b2877e49c1a581ad5a793343
- name: github.com/cpuguy83/go-md2man
  version: 2724a9c9051aa62e9cca11304e7dd518e9e41599
  subpackages:
  - md2man
- name: github.com/davecgh/go-spew
  version: 5215b55f46b2b919f50a1df0eaa5886afe4e3b3d
  subpackages:
  - spew
- name: github.com/facebookgo/clock
  version: 600d898af40aa09a7a93ecb9265d87b0504b6f03
- name: github.com/facebookgo/grace
  version: 053ab5d25436faedf3fe76fbf3da797c8c27c659
  subpackages:
  - gracehttp
  - gracenet
- name: github.com/facebookgo/httpdown
  version: a3b1354551a26449fbe05f5d855937f6e7acbd71
- name: github.com/facebookgo/stats
  version: 1b76add642e42c6ffba7211ad7b3939ce654526e
- name: github.com/fsnotify/fsnotify
  version: f12c6236fe7b5cf6bcf30e5935d08cb079d78334
- name: github.com/go-ole/go-ole
  version: 7dfdcf409020452e29b4babcbb22f984d2aa308a
  subpackages:
  - oleutil
- name: github.com/gobwas/glob
  version: 49571a1557cd20e6a2410adc6421f85b66c730b5
  subpackages:
  - match
  - runes
  - strings
- name: github.com/google/go-querystring
  version: 9235644dd9e52eeae6fa48efd539fdc351a0af53
  subpackages:
  - query
- name: github.com/gorilla/handlers
  version: a5775781a543af3c6b9f5baf10995e4d14168950
- name: github.com/gorilla/schema
  version: 0164a00ab4cd01d814d8cd5bf63fd9fcea30e23b
- name: github.com/gorilla/websocket
  version: a69d25be2fe2923a97c2af6849b2f52426f68fc0
- name: github.com/hashicorp/hcl
  version: 99df0eb941dd8ddbc83d3f3605a34f6a686ac85e
  subpackages:
  - hcl/ast
  - hcl/parser
  - hcl/scanner
  - hcl/strconv
  - hcl/token
  - json/parser
  - json/scanner
  - json/token
- name: github.com/inconshreveable/mousetrap
  version: 76626ae9c91c4f2a10f34cad8ce83ea42c93bb75
- name: github.com/influxdata/influxdb
  version: fc57c0f7c635df3873f3d64f0ed2100ddc94d5ae
  subpackages:
  - client/v2
  - models
  - pkg/escape
- name: github.com/influxdata/telegraf
  version: 8ecfe13bf813d5512267d90e7b3ad2f62aba5842
  subpackages:
  - filter
  - internal
  - plugins/inputs
  - plugins/inputs/system
  - plugins/outputs
  - plugins/outputs/graphite
  - plugins/outputs/influxdb
  - plugins/outputs/librato
  - plugins/parsers
  - plugins/parsers/graphite
  - plugins/parsers/influx
  - plugins/parsers/json
  - plugins/parsers/nagios
  - plugins/parsers/value
  - plugins/serializers
  - plugins/serializers/graphite
  - plugins/serializers/influx
  - plugins/serializers/json
- name: github.com/influxdata/toml
  version: ad49a5c2936f96b8f5943c3fdba47630ccf45a0d
  subpackages:
  - .
  - ast
- name: github.com/Jeffail/gabs
  version: 855034b6b7a3b7144977efcaefe72d2c64b0d039
- name: github.com/jteeuwen/go-bindata
  version: a0ff2567cfb70903282db057e799fd826784d41d
  subpackages:
  - .
  - go-bindata
- name: github.com/julienschmidt/httprouter
  version: d8ff598a019f2c7bad0980917a588193cf26666e
- name: github.com/justinas/alice
  version: 43e429cd03e6faac34faf94153cfb7a5adb6b928
- name: github.com/kr/fs
  version: 2788f0dbd16903de03cb8186e5c7d97b69ad387b
- name: github.com/magiconair/properties
  version: 0723e352fa358f9322c938cc2dadda874e9151a9
- name: github.com/mitchellh/mapstructure
  version: ca63d7c062ee3c9f34db231e352b60012b4fd0c1
- name: github.com/naoina/go-stringutil
  version: 6b638e95a32d0c1131db0e7fe83775cbea4a0d0b
- name: github.com/pelletier/go-buffruneio
  version: df1e16fde7fc330a0ca68167c23bf7ed6ac31d6d
- name: github.com/pelletier/go-toml
  version: 31055c2ff0bb0c7f9095aec0d220aed21108121e
- name: github.com/pkg/errors
  version: 17b591df37844cde689f4d5813e5cea0927d8dd2
- name: github.com/pkg/sftp
  version: 8197a2e580736b78d704be0fc47b2324c0591a32
- name: github.com/pmezard/go-difflib
  version: d8ed2627bdf02c080bf22230dbb337003b7aba2d
  subpackages:
  - difflib
- name: github.com/rcrowley/go-metrics
  version: bdb33529eca3e55eac7328e07c57012a797af602
- name: github.com/rcrowley/goagain
  version: f2f192b5d1a96e21dd4026ce67cda85e49659a48
- name: github.com/russross/blackfriday
  version: 93622da34e54fb6529bfb7c57e710f37a8d9cbd8
- name: github.com/shirou/gopsutil
  version: 4d0c402af66c78735c5ccf820dc2ca7de5e4ff08
  subpackages:
  - cpu
  - disk
  - host
  - internal/common
  - load
  - mem
  - net
  - process
- name: github.com/shirou/w32
  version: 3c9377fc6748f222729a8270fe2775d149a249ad
- name: github.com/shurcooL/sanitized_anchor_name
  version: 10ef21a441db47d8b13ebcc5fd2310f636973c77
- name: github.com/Sirupsen/logrus
  version: 3ec0642a7fb6488f65b06f9040adc67e3990296a
- name: github.com/spf13/afero
  version: 20500e2abd0d1f4564a499e83d11d6c73cd58c27
  subpackages:
  - mem
  - sftp
- name: github.com/spf13/cast
  version: e31f36ffc91a2ba9ddb72a4b6a607ff9b3d3cb63
- name: github.com/spf13/cobra
  version: 9c28e4bbd74e5c3ed7aacbc552b2cab7cfdfe744
  subpackages:
  - .
  - doc
- name: github.com/spf13/jwalterweatherman
  version: 33c24e77fb80341fe7130ee7c594256ff08ccc46
- name: github.com/spf13/pflag
  version: 103ce5cd2042f2fe629c1957abb64ab3e7f50235
- name: github.com/spf13/viper
  version: 16990631d4aa7e38f73dbbbf37fa13e67c648531
- name: github.com/StackExchange/wmi
  version: e54cbda6595d7293a7a468ccf9525f6bc8887f99
- name: github.com/stretchr/objx
  version: cbeaeb16a013161a98496fad62933b1d21786672
- name: github.com/stretchr/testify
  version: 1f4a1643a57e798696635ea4c126e9127adb7d3c
  subpackages:
  - assert
  - mock
- name: golang.org/x/crypto
  version: c197bcf24cde29d3f73c7b4ac6fd41f4384e8af6
  subpackages:
  - curve25519
  - ssh
- name: golang.org/x/net
  version: 9bc2a3340c92c17a20edcd0080e93851ed58f5d5
  subpackages:
  - context
- name: golang.org/x/sys
  version: a646d33e2ee3172a661fc09bca23bb4889a41bc8
  subpackages:
  - unix
- name: golang.org/x/text
  version: a71fd10341b064c10f4a81ceac72bcf70f26ea34
  subpackages:
  - transform
  - unicode/norm
- name: gopkg.in/yaml.v2
  version: a83829b6f1293c91addabc89d0571c246397bbf4
testImports: []
