hash: fda676beb56a3540c71a31c63dee2c33f623f4bc3672f46b12ecdf47e525adf6
updated: 2016-07-01T09:14:39.334169191Z
imports:
- name: github.com/blang/semver
  version: 60ec3488bfea7cca02b021d106d9911120d25fe9
- name: github.com/cpuguy83/go-md2man
  version: 2724a9c9051aa62e9cca11304e7dd518e9e41599
  subpackages:
  - md2man
- name: github.com/cyberdelia/go-metrics-graphite
  version: 7e54b5c2aa6eaff4286c44129c3def899dff528c
- name: github.com/facebookgo/clock
  version: 600d898af40aa09a7a93ecb9265d87b0504b6f03
- name: github.com/facebookgo/grace
  version: 053ab5d25436faedf3fe76fbf3da797c8c27c659
  subpackages:
  - gracehttp
  - gracenet
- name: github.com/facebookgo/httpdown
  version: a3b1354551a26449fbe05f5d855937f6e7acbd71
- name: github.com/facebookgo/stats
  version: 1b76add642e42c6ffba7211ad7b3939ce654526e
- name: github.com/go-ole/go-ole
  version: 572eabb84c424e76a0d39d31510dd7dfd62f70b2
  subpackages:
  - oleutil
- name: github.com/google/go-querystring
  version: 9235644dd9e52eeae6fa48efd539fdc351a0af53
  subpackages:
  - query
- name: github.com/gorilla/context
  version: aed02d124ae4a0e94fea4541c8effd05bf0c8296
- name: github.com/gorilla/handlers
  version: 66e6c6f01d8da976ee113437745ca029c2b585a6
- name: github.com/gorilla/schema
  version: 8aac656cd31cfb73a9dfd142494864fa0b84f723
- name: github.com/gorilla/websocket
  version: a87eae1d6ff562bf944755f4a6f527b6ef6fb888
- name: github.com/inconshreveable/mousetrap
  version: 76626ae9c91c4f2a10f34cad8ce83ea42c93bb75
- name: github.com/influxdata/influxdb
  version: b2ca3b24700c27c17c7f27da1fc269cc99e0f10e
  subpackages:
  - client
  - models
  - pkg/escape
- name: github.com/Jeffail/gabs
  version: c28ac41b517d24bf381d39d5a294fac6536d81fa
- name: github.com/jteeuwen/go-bindata
  version: a0ff2567cfb70903282db057e799fd826784d41d
  subpackages:
  - .
  - go-bindata
- name: github.com/julienschmidt/httprouter
  version: 77366a47451a56bb3ba682481eed85b64fea14e8
- name: github.com/justinas/alice
  version: 8f06f3153579369bb91f084f39f86f5d5030d4dc
- name: github.com/mihasya/go-metrics-librato
  version: 0ec8d5e8bf04a48fc5c96792bfd016b08afdabad
- name: github.com/ostrost/gosigar
  version: 92f17d4363e7e615e6fdfc74320946d37b95a939
  subpackages:
  - sysfreebsd
- name: github.com/rcrowley/go-metrics
  version: cfa5a85e9f0abbdf1701b59082c36fc7bff10759
- name: github.com/rcrowley/goagain
  version: f2f192b5d1a96e21dd4026ce67cda85e49659a48
- name: github.com/russross/blackfriday
  version: 1d6b8e9301e720b08a8938b8c25c018285885438
- name: github.com/shirou/gopsutil
  version: 2728d81cdef579d6ed88d2fd5c71e85aa83eaba8
  subpackages:
  - host
  - net
  - disk
  - process
  - internal/common
  - cpu
  - mem
- name: github.com/shirou/w32
  version: 3c9377fc6748f222729a8270fe2775d149a249ad
- name: github.com/shurcooL/sanitized_anchor_name
  version: 10ef21a441db47d8b13ebcc5fd2310f636973c77
- name: github.com/Sirupsen/logrus
  version: f3cfb454f4c209e6668c95216c4744b8fddb2356
- name: github.com/spf13/cobra
  version: 6a8bd97bdb1fc0d08a83459940498ea49d3e8c93
  subpackages:
  - .
  - doc
- name: github.com/spf13/pflag
  version: 367864438f1b1a3c7db4da06a2f55b144e6784e0
- name: github.com/StackExchange/wmi
  version: f3e2bae1e0cb5aef83e319133eabfee30013a4a5
- name: github.com/vrischmann/go-metrics-influxdb
  version: be4fc87f4ea19631fadd5f80e4fb8ea0353348a6
- name: golang.org/x/net
  version: b400c2eff1badec7022a8c8f5bea058b6315eed7
  subpackages:
  - context
- name: golang.org/x/sys
  version: 62bee037599929a6e9146f29d10dd5208c43507d
  subpackages:
  - unix
devImports: []
